// !$*UTF8*$!
{
	archiveVersion = 1;
	classes = {
	};
	objectVersion = 77;
	objects = {

/* Begin PBXBuildFile section */
		C85E26EA2D08D0F90067C790 /* Antitheft.swift in Sources */ = {isa = PBXBuildFile; fileRef = C85E26E72D08D0F90067C790 /* Antitheft.swift */; };
		C85E26EC2D08D2110067C790 /* WTMP.swift in Sources */ = {isa = PBXBuildFile; fileRef = C85E26EB2D08D2110067C790 /* WTMP.swift */; };
		C862C2A82D16E7E300A0051A /* AlarmVc.swift in Sources */ = {isa = PBXBuildFile; fileRef = C862C2A72D16E7E300A0051A /* AlarmVc.swift */; };
		C86763992D0922D5000290E2 /* ClapToFind.swift in Sources */ = {isa = PBXBuildFile; fileRef = C86763982D0922D5000290E2 /* ClapToFind.swift */; };
		C867639B2D092373000290E2 /* DTMP.swift in Sources */ = {isa = PBXBuildFile; fileRef = C867639A2D092373000290E2 /* DTMP.swift */; };
		C867639D2D092445000290E2 /* Wallpaper.swift in Sources */ = {isa = PBXBuildFile; fileRef = C867639C2D092445000290E2 /* Wallpaper.swift */; };
		C879286E2D17D6A5003BFC5E /* AlarmCell.xib in Resources */ = {isa = PBXBuildFile; fileRef = C879286D2D17D6A5003BFC5E /* AlarmCell.xib */; };
		C879286F2D17D6A5003BFC5E /* AlarmCell.swift in Sources */ = {isa = PBXBuildFile; fileRef = C879286C2D17D6A5003BFC5E /* AlarmCell.swift */; };
		C87938CD2D184B2F003BFC5E /* Alarm6.mp3 in Resources */ = {isa = PBXBuildFile; fileRef = C87938C02D184B2F003BFC5E /* Alarm6.mp3 */; };
		C87938CE2D184B2F003BFC5E /* Alarm16.mp3 in Resources */ = {isa = PBXBuildFile; fileRef = C87938CA2D184B2F003BFC5E /* Alarm16.mp3 */; };
		C87938CF2D184B2F003BFC5E /* Alarm11.mp3 in Resources */ = {isa = PBXBuildFile; fileRef = C87938C52D184B2F003BFC5E /* Alarm11.mp3 */; };
		C87938D02D184B2F003BFC5E /* Alarm12.mp3 in Resources */ = {isa = PBXBuildFile; fileRef = C87938C62D184B2F003BFC5E /* Alarm12.mp3 */; };
		C87938D12D184B2F003BFC5E /* Alarm7.mp3 in Resources */ = {isa = PBXBuildFile; fileRef = C87938C12D184B2F003BFC5E /* Alarm7.mp3 */; };
		C87938D22D184B2F003BFC5E /* Alarm4.mp3 in Resources */ = {isa = PBXBuildFile; fileRef = C87938BE2D184B2F003BFC5E /* Alarm4.mp3 */; };
		C87938D32D184B2F003BFC5E /* Alarm3.mp3 in Resources */ = {isa = PBXBuildFile; fileRef = C87938BD2D184B2F003BFC5E /* Alarm3.mp3 */; };
		C87938D42D184B2F003BFC5E /* Alarm15.mp3 in Resources */ = {isa = PBXBuildFile; fileRef = C87938C92D184B2F003BFC5E /* Alarm15.mp3 */; };
		C87938D52D184B2F003BFC5E /* Alarm1.mp3 in Resources */ = {isa = PBXBuildFile; fileRef = C87938BB2D184B2F003BFC5E /* Alarm1.mp3 */; };
		C87938D62D184B2F003BFC5E /* Alarm8.mp3 in Resources */ = {isa = PBXBuildFile; fileRef = C87938C22D184B2F003BFC5E /* Alarm8.mp3 */; };
		C87938D72D184B2F003BFC5E /* Alarm17.mp3 in Resources */ = {isa = PBXBuildFile; fileRef = C87938CB2D184B2F003BFC5E /* Alarm17.mp3 */; };
		C87938D82D184B2F003BFC5E /* Alarm9.mp3 in Resources */ = {isa = PBXBuildFile; fileRef = C87938C32D184B2F003BFC5E /* Alarm9.mp3 */; };
		C87938D92D184B2F003BFC5E /* Alarm10.mp3 in Resources */ = {isa = PBXBuildFile; fileRef = C87938C42D184B2F003BFC5E /* Alarm10.mp3 */; };
		C87938DA2D184B2F003BFC5E /* Alarm2.mp3 in Resources */ = {isa = PBXBuildFile; fileRef = C87938BC2D184B2F003BFC5E /* Alarm2.mp3 */; };
		C87938DB2D184B2F003BFC5E /* Alarm14.mp3 in Resources */ = {isa = PBXBuildFile; fileRef = C87938C82D184B2F003BFC5E /* Alarm14.mp3 */; };
		C87938DC2D184B2F003BFC5E /* Alarm13.mp3 in Resources */ = {isa = PBXBuildFile; fileRef = C87938C72D184B2F003BFC5E /* Alarm13.mp3 */; };
		C87938DD2D184B2F003BFC5E /* Alarm0.mp3 in Resources */ = {isa = PBXBuildFile; fileRef = C87938BA2D184B2F003BFC5E /* Alarm0.mp3 */; };
		C87938DE2D184B2F003BFC5E /* Alarm5.mp3 in Resources */ = {isa = PBXBuildFile; fileRef = C87938BF2D184B2F003BFC5E /* Alarm5.mp3 */; };
		C88693112D1945F500BCF68A /* PocketVc.swift in Sources */ = {isa = PBXBuildFile; fileRef = C88693102D1945F500BCF68A /* PocketVc.swift */; };
/* End PBXBuildFile section */

/* Begin PBXContainerItemProxy section */
		C85E26C92D08CD8C0067C790 /* PBXContainerItemProxy */ = {
			isa = PBXContainerItemProxy;
			containerPortal = C85E26AA2D08CD8A0067C790 /* Project object */;
			proxyType = 1;
			remoteGlobalIDString = C85E26B12D08CD8A0067C790;
			remoteInfo = Antilost;
		};
		C85E26D32D08CD8C0067C790 /* PBXContainerItemProxy */ = {
			isa = PBXContainerItemProxy;
			containerPortal = C85E26AA2D08CD8A0067C790 /* Project object */;
			proxyType = 1;
			remoteGlobalIDString = C85E26B12D08CD8A0067C790;
			remoteInfo = Antilost;
		};
/* End PBXContainerItemProxy section */

/* Begin PBXFileReference section */
		C85E26B22D08CD8A0067C790 /* Antilost.app */ = {isa = PBXFileReference; explicitFileType = wrapper.application; includeInIndex = 0; path = Antilost.app; sourceTree = BUILT_PRODUCTS_DIR; };
		C85E26C82D08CD8C0067C790 /* AntilostTests.xctest */ = {isa = PBXFileReference; explicitFileType = wrapper.cfbundle; includeInIndex = 0; path = AntilostTests.xctest; sourceTree = BUILT_PRODUCTS_DIR; };
		C85E26D22D08CD8C0067C790 /* AntilostUITests.xctest */ = {isa = PBXFileReference; explicitFileType = wrapper.cfbundle; includeInIndex = 0; path = AntilostUITests.xctest; sourceTree = BUILT_PRODUCTS_DIR; };
		C85E26E72D08D0F90067C790 /* Antitheft.swift */ = {isa = PBXFileReference; lastKnownFileType = sourcecode.swift; path = Antitheft.swift; sourceTree = "<group>"; };
		C85E26EB2D08D2110067C790 /* WTMP.swift */ = {isa = PBXFileReference; lastKnownFileType = sourcecode.swift; path = WTMP.swift; sourceTree = "<group>"; };
		C862C2A72D16E7E300A0051A /* AlarmVc.swift */ = {isa = PBXFileReference; lastKnownFileType = sourcecode.swift; path = AlarmVc.swift; sourceTree = "<group>"; };
		C86763982D0922D5000290E2 /* ClapToFind.swift */ = {isa = PBXFileReference; lastKnownFileType = sourcecode.swift; path = ClapToFind.swift; sourceTree = "<group>"; };
		C867639A2D092373000290E2 /* DTMP.swift */ = {isa = PBXFileReference; lastKnownFileType = sourcecode.swift; path = DTMP.swift; sourceTree = "<group>"; };
		C867639C2D092445000290E2 /* Wallpaper.swift */ = {isa = PBXFileReference; lastKnownFileType = sourcecode.swift; path = Wallpaper.swift; sourceTree = "<group>"; };
		C879286C2D17D6A5003BFC5E /* AlarmCell.swift */ = {isa = PBXFileReference; lastKnownFileType = sourcecode.swift; path = AlarmCell.swift; sourceTree = "<group>"; };
		C879286D2D17D6A5003BFC5E /* AlarmCell.xib */ = {isa = PBXFileReference; lastKnownFileType = file.xib; path = AlarmCell.xib; sourceTree = "<group>"; };
		C87938BA2D184B2F003BFC5E /* Alarm0.mp3 */ = {isa = PBXFileReference; lastKnownFileType = audio.mp3; path = Alarm0.mp3; sourceTree = "<group>"; };
		C87938BB2D184B2F003BFC5E /* Alarm1.mp3 */ = {isa = PBXFileReference; lastKnownFileType = audio.mp3; path = Alarm1.mp3; sourceTree = "<group>"; };
		C87938BC2D184B2F003BFC5E /* Alarm2.mp3 */ = {isa = PBXFileReference; lastKnownFileType = audio.mp3; path = Alarm2.mp3; sourceTree = "<group>"; };
		C87938BD2D184B2F003BFC5E /* Alarm3.mp3 */ = {isa = PBXFileReference; lastKnownFileType = audio.mp3; path = Alarm3.mp3; sourceTree = "<group>"; };
		C87938BE2D184B2F003BFC5E /* Alarm4.mp3 */ = {isa = PBXFileReference; lastKnownFileType = audio.mp3; path = Alarm4.mp3; sourceTree = "<group>"; };
		C87938BF2D184B2F003BFC5E /* Alarm5.mp3 */ = {isa = PBXFileReference; lastKnownFileType = audio.mp3; path = Alarm5.mp3; sourceTree = "<group>"; };
		C87938C02D184B2F003BFC5E /* Alarm6.mp3 */ = {isa = PBXFileReference; lastKnownFileType = audio.mp3; path = Alarm6.mp3; sourceTree = "<group>"; };
		C87938C12D184B2F003BFC5E /* Alarm7.mp3 */ = {isa = PBXFileReference; lastKnownFileType = audio.mp3; path = Alarm7.mp3; sourceTree = "<group>"; };
		C87938C22D184B2F003BFC5E /* Alarm8.mp3 */ = {isa = PBXFileReference; lastKnownFileType = audio.mp3; path = Alarm8.mp3; sourceTree = "<group>"; };
		C87938C32D184B2F003BFC5E /* Alarm9.mp3 */ = {isa = PBXFileReference; lastKnownFileType = audio.mp3; path = Alarm9.mp3; sourceTree = "<group>"; };
		C87938C42D184B2F003BFC5E /* Alarm10.mp3 */ = {isa = PBXFileReference; lastKnownFileType = audio.mp3; path = Alarm10.mp3; sourceTree = "<group>"; };
		C87938C52D184B2F003BFC5E /* Alarm11.mp3 */ = {isa = PBXFileReference; lastKnownFileType = audio.mp3; path = Alarm11.mp3; sourceTree = "<group>"; };
		C87938C62D184B2F003BFC5E /* Alarm12.mp3 */ = {isa = PBXFileReference; lastKnownFileType = audio.mp3; path = Alarm12.mp3; sourceTree = "<group>"; };
		C87938C72D184B2F003BFC5E /* Alarm13.mp3 */ = {isa = PBXFileReference; lastKnownFileType = audio.mp3; path = Alarm13.mp3; sourceTree = "<group>"; };
		C87938C82D184B2F003BFC5E /* Alarm14.mp3 */ = {isa = PBXFileReference; lastKnownFileType = audio.mp3; path = Alarm14.mp3; sourceTree = "<group>"; };
		C87938C92D184B2F003BFC5E /* Alarm15.mp3 */ = {isa = PBXFileReference; lastKnownFileType = audio.mp3; path = Alarm15.mp3; sourceTree = "<group>"; };
		C87938CA2D184B2F003BFC5E /* Alarm16.mp3 */ = {isa = PBXFileReference; lastKnownFileType = audio.mp3; path = Alarm16.mp3; sourceTree = "<group>"; };
		C87938CB2D184B2F003BFC5E /* Alarm17.mp3 */ = {isa = PBXFileReference; lastKnownFileType = audio.mp3; path = Alarm17.mp3; sourceTree = "<group>"; };
		C88693102D1945F500BCF68A /* PocketVc.swift */ = {isa = PBXFileReference; lastKnownFileType = sourcecode.swift; path = PocketVc.swift; sourceTree = "<group>"; };
/* End PBXFileReference section */

/* Begin PBXFileSystemSynchronizedRootGroup section */
		C85E26B42D08CD8A0067C790 /* Antilost */ = {
			isa = PBXFileSystemSynchronizedRootGroup;
			path = Antilost;
			sourceTree = "<group>";
		};
		C85E26CB2D08CD8C0067C790 /* AntilostTests */ = {
			isa = PBXFileSystemSynchronizedRootGroup;
			path = AntilostTests;
			sourceTree = "<group>";
		};
		C85E26D52D08CD8C0067C790 /* AntilostUITests */ = {
			isa = PBXFileSystemSynchronizedRootGroup;
			path = AntilostUITests;
			sourceTree = "<group>";
		};
/* End PBXFileSystemSynchronizedRootGroup section */

/* Begin PBXFrameworksBuildPhase section */
		C85E26AF2D08CD8A0067C790 /* Frameworks */ = {
			isa = PBXFrameworksBuildPhase;
			buildActionMask = 2147483647;
			files = (
			);
			runOnlyForDeploymentPostprocessing = 0;
		};
		C85E26C52D08CD8C0067C790 /* Frameworks */ = {
			isa = PBXFrameworksBuildPhase;
			buildActionMask = 2147483647;
			files = (
			);
			runOnlyForDeploymentPostprocessing = 0;
		};
		C85E26CF2D08CD8C0067C790 /* Frameworks */ = {
			isa = PBXFrameworksBuildPhase;
			buildActionMask = 2147483647;
			files = (
			);
			runOnlyForDeploymentPostprocessing = 0;
		};
/* End PBXFrameworksBuildPhase section */

/* Begin PBXGroup section */
		C85E26A92D08CD8A0067C790 = {
			isa = PBXGroup;
			children = (
				C87938CC2D184B2F003BFC5E /* Alarm Sounds */,
				C884389E2D17ACF400E421F6 /* Cell */,
				C85E26E62D08D0D50067C790 /* Vc */,
				C85E26B42D08CD8A0067C790 /* Antilost */,
				C85E26CB2D08CD8C0067C790 /* AntilostTests */,
				C85E26D52D08CD8C0067C790 /* AntilostUITests */,
				C85E26B32D08CD8A0067C790 /* Products */,
			);
			sourceTree = "<group>";
		};
		C85E26B32D08CD8A0067C790 /* Products */ = {
			isa = PBXGroup;
			children = (
				C85E26B22D08CD8A0067C790 /* Antilost.app */,
				C85E26C82D08CD8C0067C790 /* AntilostTests.xctest */,
				C85E26D22D08CD8C0067C790 /* AntilostUITests.xctest */,
			);
			name = Products;
			sourceTree = "<group>";
		};
		C85E26E62D08D0D50067C790 /* Vc */ = {
			isa = PBXGroup;
			children = (
				C85E26E72D08D0F90067C790 /* Antitheft.swift */,
				C85E26EB2D08D2110067C790 /* WTMP.swift */,
				C86763982D0922D5000290E2 /* ClapToFind.swift */,
				C867639A2D092373000290E2 /* DTMP.swift */,
				C867639C2D092445000290E2 /* Wallpaper.swift */,
				C862C2A72D16E7E300A0051A /* AlarmVc.swift */,
				C88693102D1945F500BCF68A /* PocketVc.swift */,
			);
			path = Vc;
			sourceTree = "<group>";
		};
		C87938CC2D184B2F003BFC5E /* Alarm Sounds */ = {
			isa = PBXGroup;
			children = (
				C87938BA2D184B2F003BFC5E /* Alarm0.mp3 */,
				C87938BB2D184B2F003BFC5E /* Alarm1.mp3 */,
				C87938BC2D184B2F003BFC5E /* Alarm2.mp3 */,
				C87938BD2D184B2F003BFC5E /* Alarm3.mp3 */,
				C87938BE2D184B2F003BFC5E /* Alarm4.mp3 */,
				C87938BF2D184B2F003BFC5E /* Alarm5.mp3 */,
				C87938C02D184B2F003BFC5E /* Alarm6.mp3 */,
				C87938C12D184B2F003BFC5E /* Alarm7.mp3 */,
				C87938C22D184B2F003BFC5E /* Alarm8.mp3 */,
				C87938C32D184B2F003BFC5E /* Alarm9.mp3 */,
				C87938C42D184B2F003BFC5E /* Alarm10.mp3 */,
				C87938C52D184B2F003BFC5E /* Alarm11.mp3 */,
				C87938C62D184B2F003BFC5E /* Alarm12.mp3 */,
				C87938C72D184B2F003BFC5E /* Alarm13.mp3 */,
				C87938C82D184B2F003BFC5E /* Alarm14.mp3 */,
				C87938C92D184B2F003BFC5E /* Alarm15.mp3 */,
				C87938CA2D184B2F003BFC5E /* Alarm16.mp3 */,
				C87938CB2D184B2F003BFC5E /* Alarm17.mp3 */,
			);
			path = "Alarm Sounds";
			sourceTree = "<group>";
		};
		C884389E2D17ACF400E421F6 /* Cell */ = {
			isa = PBXGroup;
			children = (
				C879286C2D17D6A5003BFC5E /* AlarmCell.swift */,
				C879286D2D17D6A5003BFC5E /* AlarmCell.xib */,
			);
			path = Cell;
			sourceTree = "<group>";
		};
/* End PBXGroup section */

/* Begin PBXNativeTarget section */
		C85E26B12D08CD8A0067C790 /* Antilost */ = {
			isa = PBXNativeTarget;
			buildConfigurationList = C85E26DB2D08CD8C0067C790 /* Build configuration list for PBXNativeTarget "Antilost" */;
			buildPhases = (
				C85E26AE2D08CD8A0067C790 /* Sources */,
				C85E26AF2D08CD8A0067C790 /* Frameworks */,
				C85E26B02D08CD8A0067C790 /* Resources */,
			);
			buildRules = (
			);
			dependencies = (
			);
			fileSystemSynchronizedGroups = (
				C85E26B42D08CD8A0067C790 /* Antilost */,
			);
			name = Antilost;
			packageProductDependencies = (
			);
			productName = Antilost;
			productReference = C85E26B22D08CD8A0067C790 /* Antilost.app */;
			productType = "com.apple.product-type.application";
		};
		C85E26C72D08CD8C0067C790 /* AntilostTests */ = {
			isa = PBXNativeTarget;
			buildConfigurationList = C85E26E02D08CD8C0067C790 /* Build configuration list for PBXNativeTarget "AntilostTests" */;
			buildPhases = (
				C85E26C42D08CD8C0067C790 /* Sources */,
				C85E26C52D08CD8C0067C790 /* Frameworks */,
				C85E26C62D08CD8C0067C790 /* Resources */,
			);
			buildRules = (
			);
			dependencies = (
				C85E26CA2D08CD8C0067C790 /* PBXTargetDependency */,
			);
			fileSystemSynchronizedGroups = (
				C85E26CB2D08CD8C0067C790 /* AntilostTests */,
			);
			name = AntilostTests;
			packageProductDependencies = (
			);
			productName = AntilostTests;
			productReference = C85E26C82D08CD8C0067C790 /* AntilostTests.xctest */;
			productType = "com.apple.product-type.bundle.unit-test";
		};
		C85E26D12D08CD8C0067C790 /* AntilostUITests */ = {
			isa = PBXNativeTarget;
			buildConfigurationList = C85E26E32D08CD8C0067C790 /* Build configuration list for PBXNativeTarget "AntilostUITests" */;
			buildPhases = (
				C85E26CE2D08CD8C0067C790 /* Sources */,
				C85E26CF2D08CD8C0067C790 /* Frameworks */,
				C85E26D02D08CD8C0067C790 /* Resources */,
			);
			buildRules = (
			);
			dependencies = (
				C85E26D42D08CD8C0067C790 /* PBXTargetDependency */,
			);
			fileSystemSynchronizedGroups = (
				C85E26D52D08CD8C0067C790 /* AntilostUITests */,
			);
			name = AntilostUITests;
			packageProductDependencies = (
			);
			productName = AntilostUITests;
			productReference = C85E26D22D08CD8C0067C790 /* AntilostUITests.xctest */;
			productType = "com.apple.product-type.bundle.ui-testing";
		};
/* End PBXNativeTarget section */

/* Begin PBXProject section */
		C85E26AA2D08CD8A0067C790 /* Project object */ = {
			isa = PBXProject;
			attributes = {
				BuildIndependentTargetsInParallel = 1;
				LastSwiftUpdateCheck = 1610;
				LastUpgradeCheck = 1610;
				TargetAttributes = {
					C85E26B12D08CD8A0067C790 = {
						CreatedOnToolsVersion = 16.1;
					};
					C85E26C72D08CD8C0067C790 = {
						CreatedOnToolsVersion = 16.1;
						TestTargetID = C85E26B12D08CD8A0067C790;
					};
					C85E26D12D08CD8C0067C790 = {
						CreatedOnToolsVersion = 16.1;
						TestTargetID = C85E26B12D08CD8A0067C790;
					};
				};
			};
			buildConfigurationList = C85E26AD2D08CD8A0067C790 /* Build configuration list for PBXProject "Antilost" */;
			developmentRegion = en;
			hasScannedForEncodings = 0;
			knownRegions = (
				en,
				Base,
			);
			mainGroup = C85E26A92D08CD8A0067C790;
			minimizedProjectReferenceProxies = 1;
			preferredProjectObjectVersion = 77;
			productRefGroup = C85E26B32D08CD8A0067C790 /* Products */;
			projectDirPath = "";
			projectRoot = "";
			targets = (
				C85E26B12D08CD8A0067C790 /* Antilost */,
				C85E26C72D08CD8C0067C790 /* AntilostTests */,
				C85E26D12D08CD8C0067C790 /* AntilostUITests */,
			);
		};
/* End PBXProject section */

/* Begin PBXResourcesBuildPhase section */
		C85E26B02D08CD8A0067C790 /* Resources */ = {
			isa = PBXResourcesBuildPhase;
			buildActionMask = 2147483647;
			files = (
				C87938CD2D184B2F003BFC5E /* Alarm6.mp3 in Resources */,
				C87938CE2D184B2F003BFC5E /* Alarm16.mp3 in Resources */,
				C87938CF2D184B2F003BFC5E /* Alarm11.mp3 in Resources */,
				C87938D02D184B2F003BFC5E /* Alarm12.mp3 in Resources */,
				C87938D12D184B2F003BFC5E /* Alarm7.mp3 in Resources */,
				C87938D22D184B2F003BFC5E /* Alarm4.mp3 in Resources */,
				C87938D32D184B2F003BFC5E /* Alarm3.mp3 in Resources */,
				C87938D42D184B2F003BFC5E /* Alarm15.mp3 in Resources */,
				C87938D52D184B2F003BFC5E /* Alarm1.mp3 in Resources */,
				C87938D62D184B2F003BFC5E /* Alarm8.mp3 in Resources */,
				C87938D72D184B2F003BFC5E /* Alarm17.mp3 in Resources */,
				C87938D82D184B2F003BFC5E /* Alarm9.mp3 in Resources */,
				C87938D92D184B2F003BFC5E /* Alarm10.mp3 in Resources */,
				C87938DA2D184B2F003BFC5E /* Alarm2.mp3 in Resources */,
				C87938DB2D184B2F003BFC5E /* Alarm14.mp3 in Resources */,
				C87938DC2D184B2F003BFC5E /* Alarm13.mp3 in Resources */,
				C87938DD2D184B2F003BFC5E /* Alarm0.mp3 in Resources */,
				C87938DE2D184B2F003BFC5E /* Alarm5.mp3 in Resources */,
				C879286E2D17D6A5003BFC5E /* AlarmCell.xib in Resources */,
			);
			runOnlyForDeploymentPostprocessing = 0;
		};
		C85E26C62D08CD8C0067C790 /* Resources */ = {
			isa = PBXResourcesBuildPhase;
			buildActionMask = 2147483647;
			files = (
			);
			runOnlyForDeploymentPostprocessing = 0;
		};
		C85E26D02D08CD8C0067C790 /* Resources */ = {
			isa = PBXResourcesBuildPhase;
			buildActionMask = 2147483647;
			files = (
			);
			runOnlyForDeploymentPostprocessing = 0;
		};
/* End PBXResourcesBuildPhase section */

/* Begin PBXSourcesBuildPhase section */
		C85E26AE2D08CD8A0067C790 /* Sources */ = {
			isa = PBXSourcesBuildPhase;
			buildActionMask = 2147483647;
			files = (
				C86763992D0922D5000290E2 /* ClapToFind.swift in Sources */,
				C862C2A82D16E7E300A0051A /* AlarmVc.swift in Sources */,
				C867639D2D092445000290E2 /* Wallpaper.swift in Sources */,
				C85E26EC2D08D2110067C790 /* WTMP.swift in Sources */,
				C879286F2D17D6A5003BFC5E /* AlarmCell.swift in Sources */,
				C85E26EA2D08D0F90067C790 /* Antitheft.swift in Sources */,
				C867639B2D092373000290E2 /* DTMP.swift in Sources */,
				C88693112D1945F500BCF68A /* PocketVc.swift in Sources */,
			);
			runOnlyForDeploymentPostprocessing = 0;
		};
		C85E26C42D08CD8C0067C790 /* Sources */ = {
			isa = PBXSourcesBuildPhase;
			buildActionMask = 2147483647;
			files = (
			);
			runOnlyForDeploymentPostprocessing = 0;
		};
		C85E26CE2D08CD8C0067C790 /* Sources */ = {
			isa = PBXSourcesBuildPhase;
			buildActionMask = 2147483647;
			files = (
			);
			runOnlyForDeploymentPostprocessing = 0;
		};
/* End PBXSourcesBuildPhase section */

/* Begin PBXTargetDependency section */
		C85E26CA2D08CD8C0067C790 /* PBXTargetDependency */ = {
			isa = PBXTargetDependency;
			target = C85E26B12D08CD8A0067C790 /* Antilost */;
			targetProxy = C85E26C92D08CD8C0067C790 /* PBXContainerItemProxy */;
		};
		C85E26D42D08CD8C0067C790 /* PBXTargetDependency */ = {
			isa = PBXTargetDependency;
			target = C85E26B12D08CD8A0067C790 /* Antilost */;
			targetProxy = C85E26D32D08CD8C0067C790 /* PBXContainerItemProxy */;
		};
/* End PBXTargetDependency section */

/* Begin XCBuildConfiguration section */
		C85E26DC2D08CD8C0067C790 /* Debug */ = {
			isa = XCBuildConfiguration;
			buildSettings = {
				ASSETCATALOG_COMPILER_APPICON_NAME = AppIcon;
				ASSETCATALOG_COMPILER_GLOBAL_ACCENT_COLOR_NAME = AccentColor;
				CODE_SIGN_STYLE = Automatic;
				CURRENT_PROJECT_VERSION = 1;
				DEVELOPMENT_TEAM = 68W2966MBV;
				GENERATE_INFOPLIST_FILE = YES;
				INFOPLIST_FILE = Antilost/Info.plist;
				INFOPLIST_KEY_UIApplicationSupportsIndirectInputEvents = YES;
				INFOPLIST_KEY_UILaunchStoryboardName = LaunchScreen;
				INFOPLIST_KEY_UIMainStoryboardFile = Main;
				INFOPLIST_KEY_UISupportedInterfaceOrientations_iPad = "UIInterfaceOrientationPortrait UIInterfaceOrientationPortraitUpsideDown UIInterfaceOrientationLandscapeLeft UIInterfaceOrientationLandscapeRight";
				INFOPLIST_KEY_UISupportedInterfaceOrientations_iPhone = "UIInterfaceOrientationPortrait UIInterfaceOrientationLandscapeLeft UIInterfaceOrientationLandscapeRight";
				INFOPLIST_KEY_UIUserInterfaceStyle = Light;
				IPHONEOS_DEPLOYMENT_TARGET = 15.6;
				LD_RUNPATH_SEARCH_PATHS = (
					"$(inherited)",
					"@executable_path/Frameworks",
				);
				MARKETING_VERSION = 1.0;
				PRODUCT_BUNDLE_IDENTIFIER = HiSADIQ.Antilost;
				PRODUCT_NAME = "$(TARGET_NAME)";
				SWIFT_EMIT_LOC_STRINGS = YES;
				SWIFT_VERSION = 5.0;
				TARGETED_DEVICE_FAMILY = "1,2";
			};
			name = Debug;
		};
		C85E26DD2D08CD8C0067C790 /* Release */ = {
			isa = XCBuildConfiguration;
			buildSettings = {
				ASSETCATALOG_COMPILER_APPICON_NAME = AppIcon;
				ASSETCATALOG_COMPILER_GLOBAL_ACCENT_COLOR_NAME = AccentColor;
				CODE_SIGN_STYLE = Automatic;
				CURRENT_PROJECT_VERSION = 1;
				DEVELOPMENT_TEAM = 68W2966MBV;
				GENERATE_INFOPLIST_FILE = YES;
				INFOPLIST_FILE = Antilost/Info.plist;
				INFOPLIST_KEY_UIApplicationSupportsIndirectInputEvents = YES;
				INFOPLIST_KEY_UILaunchStoryboardName = LaunchScreen;
				INFOPLIST_KEY_UIMainStoryboardFile = Main;
				INFOPLIST_KEY_UISupportedInterfaceOrientations_iPad = "UIInterfaceOrientationPortrait UIInterfaceOrientationPortraitUpsideDown UIInterfaceOrientationLandscapeLeft UIInterfaceOrientationLandscapeRight";
				INFOPLIST_KEY_UISupportedInterfaceOrientations_iPhone = "UIInterfaceOrientationPortrait UIInterfaceOrientationLandscapeLeft UIInterfaceOrientationLandscapeRight";
				INFOPLIST_KEY_UIUserInterfaceStyle = Light;
				IPHONEOS_DEPLOYMENT_TARGET = 15.6;
				LD_RUNPATH_SEARCH_PATHS = (
					"$(inherited)",
					"@executable_path/Frameworks",
				);
				MARKETING_VERSION = 1.0;
				PRODUCT_BUNDLE_IDENTIFIER = HiSADIQ.Antilost;
				PRODUCT_NAME = "$(TARGET_NAME)";
				SWIFT_EMIT_LOC_STRINGS = YES;
				SWIFT_VERSION = 5.0;
				TARGETED_DEVICE_FAMILY = "1,2";
			};
			name = Release;
		};
		C85E26DE2D08CD8C0067C790 /* Debug */ = {
			isa = XCBuildConfiguration;
			buildSettings = {
				ALWAYS_SEARCH_USER_PATHS = NO;
				ASSETCATALOG_COMPILER_GENERATE_SWIFT_ASSET_SYMBOL_EXTENSIONS = YES;
				CLANG_ANALYZER_NONNULL = YES;
				CLANG_ANALYZER_NUMBER_OBJECT_CONVERSION = YES_AGGRESSIVE;
				CLANG_CXX_LANGUAGE_STANDARD = "gnu++20";
				CLANG_ENABLE_MODULES = YES;
				CLANG_ENABLE_OBJC_ARC = YES;
				CLANG_ENABLE_OBJC_WEAK = YES;
				CLANG_WARN_BLOCK_CAPTURE_AUTORELEASING = YES;
				CLANG_WARN_BOOL_CONVERSION = YES;
				CLANG_WARN_COMMA = YES;
				CLANG_WARN_CONSTANT_CONVERSION = YES;
				CLANG_WARN_DEPRECATED_OBJC_IMPLEMENTATIONS = YES;
				CLANG_WARN_DIRECT_OBJC_ISA_USAGE = YES_ERROR;
				CLANG_WARN_DOCUMENTATION_COMMENTS = YES;
				CLANG_WARN_EMPTY_BODY = YES;
				CLANG_WARN_ENUM_CONVERSION = YES;
				CLANG_WARN_INFINITE_RECURSION = YES;
				CLANG_WARN_INT_CONVERSION = YES;
				CLANG_WARN_NON_LITERAL_NULL_CONVERSION = YES;
				CLANG_WARN_OBJC_IMPLICIT_RETAIN_SELF = YES;
				CLANG_WARN_OBJC_LITERAL_CONVERSION = YES;
				CLANG_WARN_OBJC_ROOT_CLASS = YES_ERROR;
				CLANG_WARN_QUOTED_INCLUDE_IN_FRAMEWORK_HEADER = YES;
				CLANG_WARN_RANGE_LOOP_ANALYSIS = YES;
				CLANG_WARN_STRICT_PROTOTYPES = YES;
				CLANG_WARN_SUSPICIOUS_MOVE = YES;
				CLANG_WARN_UNGUARDED_AVAILABILITY = YES_AGGRESSIVE;
				CLANG_WARN_UNREACHABLE_CODE = YES;
				CLANG_WARN__DUPLICATE_METHOD_MATCH = YES;
				COPY_PHASE_STRIP = NO;
				DEBUG_INFORMATION_FORMAT = dwarf;
				ENABLE_STRICT_OBJC_MSGSEND = YES;
				ENABLE_TESTABILITY = YES;
				ENABLE_USER_SCRIPT_SANDBOXING = YES;
				GCC_C_LANGUAGE_STANDARD = gnu17;
				GCC_DYNAMIC_NO_PIC = NO;
				GCC_NO_COMMON_BLOCKS = YES;
				GCC_OPTIMIZATION_LEVEL = 0;
				GCC_PREPROCESSOR_DEFINITIONS = (
					"DEBUG=1",
					"$(inherited)",
				);
				GCC_WARN_64_TO_32_BIT_CONVERSION = YES;
				GCC_WARN_ABOUT_RETURN_TYPE = YES_ERROR;
				GCC_WARN_UNDECLARED_SELECTOR = YES;
				GCC_WARN_UNINITIALIZED_AUTOS = YES_AGGRESSIVE;
				GCC_WARN_UNUSED_FUNCTION = YES;
				GCC_WARN_UNUSED_VARIABLE = YES;
				IPHONEOS_DEPLOYMENT_TARGET = 18.1;
				LOCALIZATION_PREFERS_STRING_CATALOGS = YES;
				MTL_ENABLE_DEBUG_INFO = INCLUDE_SOURCE;
				MTL_FAST_MATH = YES;
				ONLY_ACTIVE_ARCH = YES;
				SDKROOT = iphoneos;
				SWIFT_ACTIVE_COMPILATION_CONDITIONS = "DEBUG $(inherited)";
				SWIFT_OPTIMIZATION_LEVEL = "-Onone";
			};
			name = Debug;
		};
		C85E26DF2D08CD8C0067C790 /* Release */ = {
			isa = XCBuildConfiguration;
			buildSettings = {
				ALWAYS_SEARCH_USER_PATHS = NO;
				ASSETCATALOG_COMPILER_GENERATE_SWIFT_ASSET_SYMBOL_EXTENSIONS = YES;
				CLANG_ANALYZER_NONNULL = YES;
				CLANG_ANALYZER_NUMBER_OBJECT_CONVERSION = YES_AGGRESSIVE;
				CLANG_CXX_LANGUAGE_STANDARD = "gnu++20";
				CLANG_ENABLE_MODULES = YES;
				CLANG_ENABLE_OBJC_ARC = YES;
				CLANG_ENABLE_OBJC_WEAK = YES;
				CLANG_WARN_BLOCK_CAPTURE_AUTORELEASING = YES;
				CLANG_WARN_BOOL_CONVERSION = YES;
				CLANG_WARN_COMMA = YES;
				CLANG_WARN_CONSTANT_CONVERSION = YES;
				CLANG_WARN_DEPRECATED_OBJC_IMPLEMENTATIONS = YES;
				CLANG_WARN_DIRECT_OBJC_ISA_USAGE = YES_ERROR;
				CLANG_WARN_DOCUMENTATION_COMMENTS = YES;
				CLANG_WARN_EMPTY_BODY = YES;
				CLANG_WARN_ENUM_CONVERSION = YES;
				CLANG_WARN_INFINITE_RECURSION = YES;
				CLANG_WARN_INT_CONVERSION = YES;
				CLANG_WARN_NON_LITERAL_NULL_CONVERSION = YES;
				CLANG_WARN_OBJC_IMPLICIT_RETAIN_SELF = YES;
				CLANG_WARN_OBJC_LITERAL_CONVERSION = YES;
				CLANG_WARN_OBJC_ROOT_CLASS = YES_ERROR;
				CLANG_WARN_QUOTED_INCLUDE_IN_FRAMEWORK_HEADER = YES;
				CLANG_WARN_RANGE_LOOP_ANALYSIS = YES;
				CLANG_WARN_STRICT_PROTOTYPES = YES;
				CLANG_WARN_SUSPICIOUS_MOVE = YES;
				CLANG_WARN_UNGUARDED_AVAILABILITY = YES_AGGRESSIVE;
				CLANG_WARN_UNREACHABLE_CODE = YES;
				CLANG_WARN__DUPLICATE_METHOD_MATCH = YES;
				COPY_PHASE_STRIP = NO;
				DEBUG_INFORMATION_FORMAT = "dwarf-with-dsym";
				ENABLE_NS_ASSERTIONS = NO;
				ENABLE_STRICT_OBJC_MSGSEND = YES;
				ENABLE_USER_SCRIPT_SANDBOXING = YES;
				GCC_C_LANGUAGE_STANDARD = gnu17;
				GCC_NO_COMMON_BLOCKS = YES;
				GCC_WARN_64_TO_32_BIT_CONVERSION = YES;
				GCC_WARN_ABOUT_RETURN_TYPE = YES_ERROR;
				GCC_WARN_UNDECLARED_SELECTOR = YES;
				GCC_WARN_UNINITIALIZED_AUTOS = YES_AGGRESSIVE;
				GCC_WARN_UNUSED_FUNCTION = YES;
				GCC_WARN_UNUSED_VARIABLE = YES;
				IPHONEOS_DEPLOYMENT_TARGET = 18.1;
				LOCALIZATION_PREFERS_STRING_CATALOGS = YES;
				MTL_ENABLE_DEBUG_INFO = NO;
				MTL_FAST_MATH = YES;
				SDKROOT = iphoneos;
				SWIFT_COMPILATION_MODE = wholemodule;
				VALIDATE_PRODUCT = YES;
			};
			name = Release;
		};
		C85E26E12D08CD8C0067C790 /* Debug */ = {
			isa = XCBuildConfiguration;
			buildSettings = {
				BUNDLE_LOADER = "$(TEST_HOST)";
				CODE_SIGN_STYLE = Automatic;
				CURRENT_PROJECT_VERSION = 1;
				GENERATE_INFOPLIST_FILE = YES;
				IPHONEOS_DEPLOYMENT_TARGET = 18.1;
				MARKETING_VERSION = 1.0;
				PRODUCT_BUNDLE_IDENTIFIER = HiSADIQ.AntilostTests;
				PRODUCT_NAME = "$(TARGET_NAME)";
				SWIFT_EMIT_LOC_STRINGS = NO;
				SWIFT_VERSION = 5.0;
				TARGETED_DEVICE_FAMILY = "1,2";
				TEST_HOST = "$(BUILT_PRODUCTS_DIR)/Antilost.app/$(BUNDLE_EXECUTABLE_FOLDER_PATH)/Antilost";
			};
			name = Debug;
		};
		C85E26E22D08CD8C0067C790 /* Release */ = {
			isa = XCBuildConfiguration;
			buildSettings = {
				BUNDLE_LOADER = "$(TEST_HOST)";
				CODE_SIGN_STYLE = Automatic;
				CURRENT_PROJECT_VERSION = 1;
				GENERATE_INFOPLIST_FILE = YES;
				IPHONEOS_DEPLOYMENT_TARGET = 18.1;
				MARKETING_VERSION = 1.0;
				PRODUCT_BUNDLE_IDENTIFIER = HiSADIQ.AntilostTests;
				PRODUCT_NAME = "$(TARGET_NAME)";
				SWIFT_EMIT_LOC_STRINGS = NO;
				SWIFT_VERSION = 5.0;
				TARGETED_DEVICE_FAMILY = "1,2";
				TEST_HOST = "$(BUILT_PRODUCTS_DIR)/Antilost.app/$(BUNDLE_EXECUTABLE_FOLDER_PATH)/Antilost";
			};
			name = Release;
		};
		C85E26E42D08CD8C0067C790 /* Debug */ = {
			isa = XCBuildConfiguration;
			buildSettings = {
				CODE_SIGN_STYLE = Automatic;
				CURRENT_PROJECT_VERSION = 1;
				GENERATE_INFOPLIST_FILE = YES;
				MARKETING_VERSION = 1.0;
				PRODUCT_BUNDLE_IDENTIFIER = HiSADIQ.AntilostUITests;
				PRODUCT_NAME = "$(TARGET_NAME)";
				SWIFT_EMIT_LOC_STRINGS = NO;
				SWIFT_VERSION = 5.0;
				TARGETED_DEVICE_FAMILY = "1,2";
				TEST_TARGET_NAME = Antilost;
			};
			name = Debug;
		};
		C85E26E52D08CD8C0067C790 /* Release */ = {
			isa = XCBuildConfiguration;
			buildSettings = {
				CODE_SIGN_STYLE = Automatic;
				CURRENT_PROJECT_VERSION = 1;
				GENERATE_INFOPLIST_FILE = YES;
				MARKETING_VERSION = 1.0;
				PRODUCT_BUNDLE_IDENTIFIER = HiSADIQ.AntilostUITests;
				PRODUCT_NAME = "$(TARGET_NAME)";
				SWIFT_EMIT_LOC_STRINGS = NO;
				SWIFT_VERSION = 5.0;
				TARGETED_DEVICE_FAMILY = "1,2";
				TEST_TARGET_NAME = Antilost;
			};
			name = Release;
		};
/* End XCBuildConfiguration section */

/* Begin XCConfigurationList section */
		C85E26AD2D08CD8A0067C790 /* Build configuration list for PBXProject "Antilost" */ = {
			isa = XCConfigurationList;
			buildConfigurations = (
				C85E26DE2D08CD8C0067C790 /* Debug */,
				C85E26DF2D08CD8C0067C790 /* Release */,
			);
			defaultConfigurationIsVisible = 0;
			defaultConfigurationName = Release;
		};
		C85E26DB2D08CD8C0067C790 /* Build configuration list for PBXNativeTarget "Antilost" */ = {
			isa = XCConfigurationList;
			buildConfigurations = (
				C85E26DC2D08CD8C0067C790 /* Debug */,
				C85E26DD2D08CD8C0067C790 /* Release */,
			);
			defaultConfigurationIsVisible = 0;
			defaultConfigurationName = Release;
		};
		C85E26E02D08CD8C0067C790 /* Build configuration list for PBXNativeTarget "AntilostTests" */ = {
			isa = XCConfigurationList;
			buildConfigurations = (
				C85E26E12D08CD8C0067C790 /* Debug */,
				C85E26E22D08CD8C0067C790 /* Release */,
			);
			defaultConfigurationIsVisible = 0;
			defaultConfigurationName = Release;
		};
		C85E26E32D08CD8C0067C790 /* Build configuration list for PBXNativeTarget "AntilostUITests" */ = {
			isa = XCConfigurationList;
			buildConfigurations = (
				C85E26E42D08CD8C0067C790 /* Debug */,
				C85E26E52D08CD8C0067C790 /* Release */,
			);
			defaultConfigurationIsVisible = 0;
			defaultConfigurationName = Release;
		};
/* End XCConfigurationList section */
	};
	rootObject = C85E26AA2D08CD8A0067C790 /* Project object */;
}
