// !$*UTF8*$!
{
	archiveVersion = 1;
	classes = {
	};
	objectVersion = 77;
	objects = {

/* Begin PBXContainerItemProxy section */
		C8964C3E2D1A5D0700489127 /* PBXContainerItemProxy */ = {
			isa = PBXContainerItemProxy;
			containerPortal = C8964C1F2D1A5D0500489127 /* Project object */;
			proxyType = 1;
			remoteGlobalIDString = C8964C262D1A5D0500489127;
			remoteInfo = FinalAntiLost;
		};
		C8964C482D1A5D0700489127 /* PBXContainerItemProxy */ = {
			isa = PBXContainerItemProxy;
			containerPortal = C8964C1F2D1A5D0500489127 /* Project object */;
			proxyType = 1;
			remoteGlobalIDString = C8964C262D1A5D0500489127;
			remoteInfo = FinalAntiLost;
		};
/* End PBXContainerItemProxy section */

/* Begin PBXFileReference section */
		C8964C272D1A5D0500489127 /* FinalAntiLost.app */ = {isa = PBXFileReference; explicitFileType = wrapper.application; includeInIndex = 0; path = FinalAntiLost.app; sourceTree = BUILT_PRODUCTS_DIR; };
		C8964C3D2D1A5D0700489127 /* FinalAntiLostTests.xctest */ = {isa = PBXFileReference; explicitFileType = wrapper.cfbundle; includeInIndex = 0; path = FinalAntiLostTests.xctest; sourceTree = BUILT_PRODUCTS_DIR; };
		C8964C472D1A5D0700489127 /* FinalAntiLostUITests.xctest */ = {isa = PBXFileReference; explicitFileType = wrapper.cfbundle; includeInIndex = 0; path = FinalAntiLostUITests.xctest; sourceTree = BUILT_PRODUCTS_DIR; };
/* End PBXFileReference section */

/* Begin PBXFileSystemSynchronizedBuildFileExceptionSet section */
		C8964C4F2D1A5D0700489127 /* Exceptions for "FinalAntiLost" folder in "FinalAntiLost" target */ = {
			isa = PBXFileSystemSynchronizedBuildFileExceptionSet;
			membershipExceptions = (
				Info.plist,
			);
			target = C8964C262D1A5D0500489127 /* FinalAntiLost */;
		};
/* End PBXFileSystemSynchronizedBuildFileExceptionSet section */

/* Begin PBXFileSystemSynchronizedRootGroup section */
		C8964C292D1A5D0500489127 /* FinalAntiLost */ = {
			isa = PBXFileSystemSynchronizedRootGroup;
			exceptions = (
				C8964C4F2D1A5D0700489127 /* Exceptions for "FinalAntiLost" folder in "FinalAntiLost" target */,
			);
			path = FinalAntiLost;
			sourceTree = "<group>";
		};
		C8964C402D1A5D0700489127 /* FinalAntiLostTests */ = {
			isa = PBXFileSystemSynchronizedRootGroup;
			path = FinalAntiLostTests;
			sourceTree = "<group>";
		};
		C8964C4A2D1A5D0700489127 /* FinalAntiLostUITests */ = {
			isa = PBXFileSystemSynchronizedRootGroup;
			path = FinalAntiLostUITests;
			sourceTree = "<group>";
		};
/* End PBXFileSystemSynchronizedRootGroup section */

/* Begin PBXFrameworksBuildPhase section */
		C8964C242D1A5D0500489127 /* Frameworks */ = {
			isa = PBXFrameworksBuildPhase;
			buildActionMask = 2147483647;
			files = (
			);
			runOnlyForDeploymentPostprocessing = 0;
		};
		C8964C3A2D1A5D0700489127 /* Frameworks */ = {
			isa = PBXFrameworksBuildPhase;
			buildActionMask = 2147483647;
			files = (
			);
			runOnlyForDeploymentPostprocessing = 0;
		};
		C8964C442D1A5D0700489127 /* Frameworks */ = {
			isa = PBXFrameworksBuildPhase;
			buildActionMask = 2147483647;
			files = (
			);
			runOnlyForDeploymentPostprocessing = 0;
		};
/* End PBXFrameworksBuildPhase section */

/* Begin PBXGroup section */
		C8964C1E2D1A5D0500489127 = {
			isa = PBXGroup;
			children = (
				C8964C292D1A5D0500489127 /* FinalAntiLost */,
				C8964C402D1A5D0700489127 /* FinalAntiLostTests */,
				C8964C4A2D1A5D0700489127 /* FinalAntiLostUITests */,
				C8964C282D1A5D0500489127 /* Products */,
			);
			sourceTree = "<group>";
		};
		C8964C282D1A5D0500489127 /* Products */ = {
			isa = PBXGroup;
			children = (
				C8964C272D1A5D0500489127 /* FinalAntiLost.app */,
				C8964C3D2D1A5D0700489127 /* FinalAntiLostTests.xctest */,
				C8964C472D1A5D0700489127 /* FinalAntiLostUITests.xctest */,
			);
			name = Products;
			sourceTree = "<group>";
		};
/* End PBXGroup section */

/* Begin PBXNativeTarget section */
		C8964C262D1A5D0500489127 /* FinalAntiLost */ = {
			isa = PBXNativeTarget;
			buildConfigurationList = C8964C502D1A5D0700489127 /* Build configuration list for PBXNativeTarget "FinalAntiLost" */;
			buildPhases = (
				C8964C232D1A5D0500489127 /* Sources */,
				C8964C242D1A5D0500489127 /* Frameworks */,
				C8964C252D1A5D0500489127 /* Resources */,
			);
			buildRules = (
			);
			dependencies = (
			);
			fileSystemSynchronizedGroups = (
				C8964C292D1A5D0500489127 /* FinalAntiLost */,
			);
			name = FinalAntiLost;
			packageProductDependencies = (
			);
			productName = FinalAntiLost;
			productReference = C8964C272D1A5D0500489127 /* FinalAntiLost.app */;
			productType = "com.apple.product-type.application";
		};
		C8964C3C2D1A5D0700489127 /* FinalAntiLostTests */ = {
			isa = PBXNativeTarget;
			buildConfigurationList = C8964C552D1A5D0700489127 /* Build configuration list for PBXNativeTarget "FinalAntiLostTests" */;
			buildPhases = (
				C8964C392D1A5D0700489127 /* Sources */,
				C8964C3A2D1A5D0700489127 /* Frameworks */,
				C8964C3B2D1A5D0700489127 /* Resources */,
			);
			buildRules = (
			);
			dependencies = (
				C8964C3F2D1A5D0700489127 /* PBXTargetDependency */,
			);
			fileSystemSynchronizedGroups = (
				C8964C402D1A5D0700489127 /* FinalAntiLostTests */,
			);
			name = FinalAntiLostTests;
			packageProductDependencies = (
			);
			productName = FinalAntiLostTests;
			productReference = C8964C3D2D1A5D0700489127 /* FinalAntiLostTests.xctest */;
			productType = "com.apple.product-type.bundle.unit-test";
		};
		C8964C462D1A5D0700489127 /* FinalAntiLostUITests */ = {
			isa = PBXNativeTarget;
			buildConfigurationList = C8964C582D1A5D0700489127 /* Build configuration list for PBXNativeTarget "FinalAntiLostUITests" */;
			buildPhases = (
				C8964C432D1A5D0700489127 /* Sources */,
				C8964C442D1A5D0700489127 /* Frameworks */,
				C8964C452D1A5D0700489127 /* Resources */,
			);
			buildRules = (
			);
			dependencies = (
				C8964C492D1A5D0700489127 /* PBXTargetDependency */,
			);
			fileSystemSynchronizedGroups = (
				C8964C4A2D1A5D0700489127 /* FinalAntiLostUITests */,
			);
			name = FinalAntiLostUITests;
			packageProductDependencies = (
			);
			productName = FinalAntiLostUITests;
			productReference = C8964C472D1A5D0700489127 /* FinalAntiLostUITests.xctest */;
			productType = "com.apple.product-type.bundle.ui-testing";
		};
/* End PBXNativeTarget section */

/* Begin PBXProject section */
		C8964C1F2D1A5D0500489127 /* Project object */ = {
			isa = PBXProject;
			attributes = {
				BuildIndependentTargetsInParallel = 1;
				LastSwiftUpdateCheck = 1610;
				LastUpgradeCheck = 1610;
				TargetAttributes = {
					C8964C262D1A5D0500489127 = {
						CreatedOnToolsVersion = 16.1;
					};
					C8964C3C2D1A5D0700489127 = {
						CreatedOnToolsVersion = 16.1;
						TestTargetID = C8964C262D1A5D0500489127;
					};
					C8964C462D1A5D0700489127 = {
						CreatedOnToolsVersion = 16.1;
						TestTargetID = C8964C262D1A5D0500489127;
					};
				};
			};
			buildConfigurationList = C8964C222D1A5D0500489127 /* Build configuration list for PBXProject "FinalAntiLost" */;
			developmentRegion = en;
			hasScannedForEncodings = 0;
			knownRegions = (
				en,
				Base,
			);
			mainGroup = C8964C1E2D1A5D0500489127;
			minimizedProjectReferenceProxies = 1;
			preferredProjectObjectVersion = 77;
			productRefGroup = C8964C282D1A5D0500489127 /* Products */;
			projectDirPath = "";
			projectRoot = "";
			targets = (
				C8964C262D1A5D0500489127 /* FinalAntiLost */,
				C8964C3C2D1A5D0700489127 /* FinalAntiLostTests */,
				C8964C462D1A5D0700489127 /* FinalAntiLostUITests */,
			);
		};
/* End PBXProject section */

/* Begin PBXResourcesBuildPhase section */
		C8964C252D1A5D0500489127 /* Resources */ = {
			isa = PBXResourcesBuildPhase;
			buildActionMask = 2147483647;
			files = (
			);
			runOnlyForDeploymentPostprocessing = 0;
		};
		C8964C3B2D1A5D0700489127 /* Resources */ = {
			isa = PBXResourcesBuildPhase;
			buildActionMask = 2147483647;
			files = (
			);
			runOnlyForDeploymentPostprocessing = 0;
		};
		C8964C452D1A5D0700489127 /* Resources */ = {
			isa = PBXResourcesBuildPhase;
			buildActionMask = 2147483647;
			files = (
			);
			runOnlyForDeploymentPostprocessing = 0;
		};
/* End PBXResourcesBuildPhase section */

/* Begin PBXSourcesBuildPhase section */
		C8964C232D1A5D0500489127 /* Sources */ = {
			isa = PBXSourcesBuildPhase;
			buildActionMask = 2147483647;
			files = (
			);
			runOnlyForDeploymentPostprocessing = 0;
		};
		C8964C392D1A5D0700489127 /* Sources */ = {
			isa = PBXSourcesBuildPhase;
			buildActionMask = 2147483647;
			files = (
			);
			runOnlyForDeploymentPostprocessing = 0;
		};
		C8964C432D1A5D0700489127 /* Sources */ = {
			isa = PBXSourcesBuildPhase;
			buildActionMask = 2147483647;
			files = (
			);
			runOnlyForDeploymentPostprocessing = 0;
		};
/* End PBXSourcesBuildPhase section */

/* Begin PBXTargetDependency section */
		C8964C3F2D1A5D0700489127 /* PBXTargetDependency */ = {
			isa = PBXTargetDependency;
			target = C8964C262D1A5D0500489127 /* FinalAntiLost */;
			targetProxy = C8964C3E2D1A5D0700489127 /* PBXContainerItemProxy */;
		};
		C8964C492D1A5D0700489127 /* PBXTargetDependency */ = {
			isa = PBXTargetDependency;
			target = C8964C262D1A5D0500489127 /* FinalAntiLost */;
			targetProxy = C8964C482D1A5D0700489127 /* PBXContainerItemProxy */;
		};
/* End PBXTargetDependency section */

/* Begin XCBuildConfiguration section */
		C8964C512D1A5D0700489127 /* Debug */ = {
			isa = XCBuildConfiguration;
			buildSettings = {
				ASSETCATALOG_COMPILER_APPICON_NAME = AppIcon;
				ASSETCATALOG_COMPILER_GLOBAL_ACCENT_COLOR_NAME = AccentColor;
				CODE_SIGN_STYLE = Automatic;
				CURRENT_PROJECT_VERSION = 1;
				DEVELOPMENT_TEAM = H7HA8Z6BZK;
				GENERATE_INFOPLIST_FILE = YES;
				INFOPLIST_FILE = FinalAntiLost/Info.plist;
				INFOPLIST_KEY_UIApplicationSupportsIndirectInputEvents = YES;
				INFOPLIST_KEY_UILaunchStoryboardName = LaunchScreen;
				INFOPLIST_KEY_UIMainStoryboardFile = Main;
				INFOPLIST_KEY_UISupportedInterfaceOrientations_iPad = "UIInterfaceOrientationPortrait UIInterfaceOrientationPortraitUpsideDown UIInterfaceOrientationLandscapeLeft UIInterfaceOrientationLandscapeRight";
				INFOPLIST_KEY_UISupportedInterfaceOrientations_iPhone = "UIInterfaceOrientationPortrait UIInterfaceOrientationLandscapeLeft UIInterfaceOrientationLandscapeRight";
				LD_RUNPATH_SEARCH_PATHS = (
					"$(inherited)",
					"@executable_path/Frameworks",
				);
				MARKETING_VERSION = 1.0;
				PRODUCT_BUNDLE_IDENTIFIER = HiSADIQ.FinalAntiLost;
				PRODUCT_NAME = "$(TARGET_NAME)";
				SWIFT_EMIT_LOC_STRINGS = YES;
				SWIFT_VERSION = 5.0;
				TARGETED_DEVICE_FAMILY = "1,2";
			};
			name = Debug;
		};
		C8964C522D1A5D0700489127 /* Release */ = {
			isa = XCBuildConfiguration;
			buildSettings = {
				ASSETCATALOG_COMPILER_APPICON_NAME = AppIcon;
				ASSETCATALOG_COMPILER_GLOBAL_ACCENT_COLOR_NAME = AccentColor;
				CODE_SIGN_STYLE = Automatic;
				CURRENT_PROJECT_VERSION = 1;
				DEVELOPMENT_TEAM = H7HA8Z6BZK;
				GENERATE_INFOPLIST_FILE = YES;
				INFOPLIST_FILE = FinalAntiLost/Info.plist;
				INFOPLIST_KEY_UIApplicationSupportsIndirectInputEvents = YES;
				INFOPLIST_KEY_UILaunchStoryboardName = LaunchScreen;
				INFOPLIST_KEY_UIMainStoryboardFile = Main;
				INFOPLIST_KEY_UISupportedInterfaceOrientations_iPad = "UIInterfaceOrientationPortrait UIInterfaceOrientationPortraitUpsideDown UIInterfaceOrientationLandscapeLeft UIInterfaceOrientationLandscapeRight";
				INFOPLIST_KEY_UISupportedInterfaceOrientations_iPhone = "UIInterfaceOrientationPortrait UIInterfaceOrientationLandscapeLeft UIInterfaceOrientationLandscapeRight";
				LD_RUNPATH_SEARCH_PATHS = (
					"$(inherited)",
					"@executable_path/Frameworks",
				);
				MARKETING_VERSION = 1.0;
				PRODUCT_BUNDLE_IDENTIFIER = HiSADIQ.FinalAntiLost;
				PRODUCT_NAME = "$(TARGET_NAME)";
				SWIFT_EMIT_LOC_STRINGS = YES;
				SWIFT_VERSION = 5.0;
				TARGETED_DEVICE_FAMILY = "1,2";
			};
			name = Release;
		};
		C8964C532D1A5D0700489127 /* Debug */ = {
			isa = XCBuildConfiguration;
			buildSettings = {
				ALWAYS_SEARCH_USER_PATHS = NO;
				ASSETCATALOG_COMPILER_GENERATE_SWIFT_ASSET_SYMBOL_EXTENSIONS = YES;
				CLANG_ANALYZER_NONNULL = YES;
				CLANG_ANALYZER_NUMBER_OBJECT_CONVERSION = YES_AGGRESSIVE;
				CLANG_CXX_LANGUAGE_STANDARD = "gnu++20";
				CLANG_ENABLE_MODULES = YES;
				CLANG_ENABLE_OBJC_ARC = YES;
				CLANG_ENABLE_OBJC_WEAK = YES;
				CLANG_WARN_BLOCK_CAPTURE_AUTORELEASING = YES;
				CLANG_WARN_BOOL_CONVERSION = YES;
				CLANG_WARN_COMMA = YES;
				CLANG_WARN_CONSTANT_CONVERSION = YES;
				CLANG_WARN_DEPRECATED_OBJC_IMPLEMENTATIONS = YES;
				CLANG_WARN_DIRECT_OBJC_ISA_USAGE = YES_ERROR;
				CLANG_WARN_DOCUMENTATION_COMMENTS = YES;
				CLANG_WARN_EMPTY_BODY = YES;
				CLANG_WARN_ENUM_CONVERSION = YES;
				CLANG_WARN_INFINITE_RECURSION = YES;
				CLANG_WARN_INT_CONVERSION = YES;
				CLANG_WARN_NON_LITERAL_NULL_CONVERSION = YES;
				CLANG_WARN_OBJC_IMPLICIT_RETAIN_SELF = YES;
				CLANG_WARN_OBJC_LITERAL_CONVERSION = YES;
				CLANG_WARN_OBJC_ROOT_CLASS = YES_ERROR;
				CLANG_WARN_QUOTED_INCLUDE_IN_FRAMEWORK_HEADER = YES;
				CLANG_WARN_RANGE_LOOP_ANALYSIS = YES;
				CLANG_WARN_STRICT_PROTOTYPES = YES;
				CLANG_WARN_SUSPICIOUS_MOVE = YES;
				CLANG_WARN_UNGUARDED_AVAILABILITY = YES_AGGRESSIVE;
				CLANG_WARN_UNREACHABLE_CODE = YES;
				CLANG_WARN__DUPLICATE_METHOD_MATCH = YES;
				COPY_PHASE_STRIP = NO;
				DEBUG_INFORMATION_FORMAT = dwarf;
				ENABLE_STRICT_OBJC_MSGSEND = YES;
				ENABLE_TESTABILITY = YES;
				ENABLE_USER_SCRIPT_SANDBOXING = YES;
				GCC_C_LANGUAGE_STANDARD = gnu17;
				GCC_DYNAMIC_NO_PIC = NO;
				GCC_NO_COMMON_BLOCKS = YES;
				GCC_OPTIMIZATION_LEVEL = 0;
				GCC_PREPROCESSOR_DEFINITIONS = (
					"DEBUG=1",
					"$(inherited)",
				);
				GCC_WARN_64_TO_32_BIT_CONVERSION = YES;
				GCC_WARN_ABOUT_RETURN_TYPE = YES_ERROR;
				GCC_WARN_UNDECLARED_SELECTOR = YES;
				GCC_WARN_UNINITIALIZED_AUTOS = YES_AGGRESSIVE;
				GCC_WARN_UNUSED_FUNCTION = YES;
				GCC_WARN_UNUSED_VARIABLE = YES;
				IPHONEOS_DEPLOYMENT_TARGET = 18.1;
				LOCALIZATION_PREFERS_STRING_CATALOGS = YES;
				MTL_ENABLE_DEBUG_INFO = INCLUDE_SOURCE;
				MTL_FAST_MATH = YES;
				ONLY_ACTIVE_ARCH = YES;
				SDKROOT = iphoneos;
				SWIFT_ACTIVE_COMPILATION_CONDITIONS = "DEBUG $(inherited)";
				SWIFT_OPTIMIZATION_LEVEL = "-Onone";
			};
			name = Debug;
		};
		C8964C542D1A5D0700489127 /* Release */ = {
			isa = XCBuildConfiguration;
			buildSettings = {
				ALWAYS_SEARCH_USER_PATHS = NO;
				ASSETCATALOG_COMPILER_GENERATE_SWIFT_ASSET_SYMBOL_EXTENSIONS = YES;
				CLANG_ANALYZER_NONNULL = YES;
				CLANG_ANALYZER_NUMBER_OBJECT_CONVERSION = YES_AGGRESSIVE;
				CLANG_CXX_LANGUAGE_STANDARD = "gnu++20";
				CLANG_ENABLE_MODULES = YES;
				CLANG_ENABLE_OBJC_ARC = YES;
				CLANG_ENABLE_OBJC_WEAK = YES;
				CLANG_WARN_BLOCK_CAPTURE_AUTORELEASING = YES;
				CLANG_WARN_BOOL_CONVERSION = YES;
				CLANG_WARN_COMMA = YES;
				CLANG_WARN_CONSTANT_CONVERSION = YES;
				CLANG_WARN_DEPRECATED_OBJC_IMPLEMENTATIONS = YES;
				CLANG_WARN_DIRECT_OBJC_ISA_USAGE = YES_ERROR;
				CLANG_WARN_DOCUMENTATION_COMMENTS = YES;
				CLANG_WARN_EMPTY_BODY = YES;
				CLANG_WARN_ENUM_CONVERSION = YES;
				CLANG_WARN_INFINITE_RECURSION = YES;
				CLANG_WARN_INT_CONVERSION = YES;
				CLANG_WARN_NON_LITERAL_NULL_CONVERSION = YES;
				CLANG_WARN_OBJC_IMPLICIT_RETAIN_SELF = YES;
				CLANG_WARN_OBJC_LITERAL_CONVERSION = YES;
				CLANG_WARN_OBJC_ROOT_CLASS = YES_ERROR;
				CLANG_WARN_QUOTED_INCLUDE_IN_FRAMEWORK_HEADER = YES;
				CLANG_WARN_RANGE_LOOP_ANALYSIS = YES;
				CLANG_WARN_STRICT_PROTOTYPES = YES;
				CLANG_WARN_SUSPICIOUS_MOVE = YES;
				CLANG_WARN_UNGUARDED_AVAILABILITY = YES_AGGRESSIVE;
				CLANG_WARN_UNREACHABLE_CODE = YES;
				CLANG_WARN__DUPLICATE_METHOD_MATCH = YES;
				COPY_PHASE_STRIP = NO;
				DEBUG_INFORMATION_FORMAT = "dwarf-with-dsym";
				ENABLE_NS_ASSERTIONS = NO;
				ENABLE_STRICT_OBJC_MSGSEND = YES;
				ENABLE_USER_SCRIPT_SANDBOXING = YES;
				GCC_C_LANGUAGE_STANDARD = gnu17;
				GCC_NO_COMMON_BLOCKS = YES;
				GCC_WARN_64_TO_32_BIT_CONVERSION = YES;
				GCC_WARN_ABOUT_RETURN_TYPE = YES_ERROR;
				GCC_WARN_UNDECLARED_SELECTOR = YES;
				GCC_WARN_UNINITIALIZED_AUTOS = YES_AGGRESSIVE;
				GCC_WARN_UNUSED_FUNCTION = YES;
				GCC_WARN_UNUSED_VARIABLE = YES;
				IPHONEOS_DEPLOYMENT_TARGET = 18.1;
				LOCALIZATION_PREFERS_STRING_CATALOGS = YES;
				MTL_ENABLE_DEBUG_INFO = NO;
				MTL_FAST_MATH = YES;
				SDKROOT = iphoneos;
				SWIFT_COMPILATION_MODE = wholemodule;
				VALIDATE_PRODUCT = YES;
			};
			name = Release;
		};
		C8964C562D1A5D0700489127 /* Debug */ = {
			isa = XCBuildConfiguration;
			buildSettings = {
				BUNDLE_LOADER = "$(TEST_HOST)";
				CODE_SIGN_STYLE = Automatic;
				CURRENT_PROJECT_VERSION = 1;
				GENERATE_INFOPLIST_FILE = YES;
				IPHONEOS_DEPLOYMENT_TARGET = 18.1;
				MARKETING_VERSION = 1.0;
				PRODUCT_BUNDLE_IDENTIFIER = HiSADIQ.FinalAntiLostTests;
				PRODUCT_NAME = "$(TARGET_NAME)";
				SWIFT_EMIT_LOC_STRINGS = NO;
				SWIFT_VERSION = 5.0;
				TARGETED_DEVICE_FAMILY = "1,2";
				TEST_HOST = "$(BUILT_PRODUCTS_DIR)/FinalAntiLost.app/$(BUNDLE_EXECUTABLE_FOLDER_PATH)/FinalAntiLost";
			};
			name = Debug;
		};
		C8964C572D1A5D0700489127 /* Release */ = {
			isa = XCBuildConfiguration;
			buildSettings = {
				BUNDLE_LOADER = "$(TEST_HOST)";
				CODE_SIGN_STYLE = Automatic;
				CURRENT_PROJECT_VERSION = 1;
				GENERATE_INFOPLIST_FILE = YES;
				IPHONEOS_DEPLOYMENT_TARGET = 18.1;
				MARKETING_VERSION = 1.0;
				PRODUCT_BUNDLE_IDENTIFIER = HiSADIQ.FinalAntiLostTests;
				PRODUCT_NAME = "$(TARGET_NAME)";
				SWIFT_EMIT_LOC_STRINGS = NO;
				SWIFT_VERSION = 5.0;
				TARGETED_DEVICE_FAMILY = "1,2";
				TEST_HOST = "$(BUILT_PRODUCTS_DIR)/FinalAntiLost.app/$(BUNDLE_EXECUTABLE_FOLDER_PATH)/FinalAntiLost";
			};
			name = Release;
		};
		C8964C592D1A5D0700489127 /* Debug */ = {
			isa = XCBuildConfiguration;
			buildSettings = {
				CODE_SIGN_STYLE = Automatic;
				CURRENT_PROJECT_VERSION = 1;
				GENERATE_INFOPLIST_FILE = YES;
				MARKETING_VERSION = 1.0;
				PRODUCT_BUNDLE_IDENTIFIER = HiSADIQ.FinalAntiLostUITests;
				PRODUCT_NAME = "$(TARGET_NAME)";
				SWIFT_EMIT_LOC_STRINGS = NO;
				SWIFT_VERSION = 5.0;
				TARGETED_DEVICE_FAMILY = "1,2";
				TEST_TARGET_NAME = FinalAntiLost;
			};
			name = Debug;
		};
		C8964C5A2D1A5D0700489127 /* Release */ = {
			isa = XCBuildConfiguration;
			buildSettings = {
				CODE_SIGN_STYLE = Automatic;
				CURRENT_PROJECT_VERSION = 1;
				GENERATE_INFOPLIST_FILE = YES;
				MARKETING_VERSION = 1.0;
				PRODUCT_BUNDLE_IDENTIFIER = HiSADIQ.FinalAntiLostUITests;
				PRODUCT_NAME = "$(TARGET_NAME)";
				SWIFT_EMIT_LOC_STRINGS = NO;
				SWIFT_VERSION = 5.0;
				TARGETED_DEVICE_FAMILY = "1,2";
				TEST_TARGET_NAME = FinalAntiLost;
			};
			name = Release;
		};
/* End XCBuildConfiguration section */

/* Begin XCConfigurationList section */
		C8964C222D1A5D0500489127 /* Build configuration list for PBXProject "FinalAntiLost" */ = {
			isa = XCConfigurationList;
			buildConfigurations = (
				C8964C532D1A5D0700489127 /* Debug */,
				C8964C542D1A5D0700489127 /* Release */,
			);
			defaultConfigurationIsVisible = 0;
			defaultConfigurationName = Release;
		};
		C8964C502D1A5D0700489127 /* Build configuration list for PBXNativeTarget "FinalAntiLost" */ = {
			isa = XCConfigurationList;
			buildConfigurations = (
				C8964C512D1A5D0700489127 /* Debug */,
				C8964C522D1A5D0700489127 /* Release */,
			);
			defaultConfigurationIsVisible = 0;
			defaultConfigurationName = Release;
		};
		C8964C552D1A5D0700489127 /* Build configuration list for PBXNativeTarget "FinalAntiLostTests" */ = {
			isa = XCConfigurationList;
			buildConfigurations = (
				C8964C562D1A5D0700489127 /* Debug */,
				C8964C572D1A5D0700489127 /* Release */,
			);
			defaultConfigurationIsVisible = 0;
			defaultConfigurationName = Release;
		};
		C8964C582D1A5D0700489127 /* Build configuration list for PBXNativeTarget "FinalAntiLostUITests" */ = {
			isa = XCConfigurationList;
			buildConfigurations = (
				C8964C592D1A5D0700489127 /* Debug */,
				C8964C5A2D1A5D0700489127 /* Release */,
			);
			defaultConfigurationIsVisible = 0;
			defaultConfigurationName = Release;
		};
/* End XCConfigurationList section */
	};
	rootObject = C8964C1F2D1A5D0500489127 /* Project object */;
}
